
Microsoft Visual Studio Solution File, Format Version 12.00
# Visual Studio Version 17
VisualStudioVersion = 17.11.35303.130
MinimumVisualStudioVersion = 10.0.40219.1
Project("{9A19103F-16F7-4668-BE54-9A1E7A4F7556}") = "OnlineShop", "OnlineShop\OnlineShop.csproj", "{6B9BEB93-230C-463C-9227-1F19804D91D5}"
EndProject
Global
	GlobalSection(SolutionConfigurationPlatforms) = preSolution
		Debug|Any CPU = Debug|Any CPU
		Release|Any CPU = Release|Any CPU
	EndGlobalSection
	GlobalSection(ProjectConfigurationPlatforms) = postSolution
		{6B9BEB93-230C-463C-9227-1F19804D91D5}.Debug|Any CPU.ActiveCfg = Debug|Any CPU
		{6B9BEB93-230C-463C-9227-1F19804D91D5}.Debug|Any CPU.Build.0 = Debug|Any CPU
		{6B9BEB93-230C-463C-9227-1F19804D91D5}.Release|Any CPU.ActiveCfg = Release|Any CPU
		{6B9BEB93-230C-463C-9227-1F19804D91D5}.Release|Any CPU.Build.0 = Release|Any CPU
	EndGlobalSection
	GlobalSection(SolutionProperties) = preSolution
		HideSolutionNode = FALSE
	EndGlobalSection
	GlobalSection(ExtensibilityGlobals) = postSolution
		SolutionGuid = {DB3DA7AC-AA17-4AFB-BB31-54D65E389A10}
	EndGlobalSection
EndGlobal
